
Microsoft Visual Studio Solution File, Format Version 12.00
# Visual Studio Version 16
VisualStudioVersion = 16.0.30517.126
MinimumVisualStudioVersion = 10.0.40219.1
Project("{FAE04EC0-301F-11D3-BF4B-00C04F79EFBC}") = "JckShopping", "JckShopping.csproj", "{B2AB0759-5516-4BE8-9E23-78037ED7568B}"
EndProject
Project("{FAE04EC0-301F-11D3-BF4B-00C04F79EFBC}") = "NUnitTestProject1", "..\NUnitTestProject1\NUnitTestProject1.csproj", "{DC50DDA6-250B-4B2F-A28D-B6859E519075}"
EndProject
Global
	GlobalSection(SolutionConfigurationPlatforms) = preSolution
		Debug|Any CPU = Debug|Any CPU
		Release|Any CPU = Release|Any CPU
	EndGlobalSection
	GlobalSection(ProjectConfigurationPlatforms) = postSolution
		{B2AB0759-5516-4BE8-9E23-78037ED7568B}.Debug|Any CPU.ActiveCfg = Debug|Any CPU
		{B2AB0759-5516-4BE8-9E23-78037ED7568B}.Debug|Any CPU.Build.0 = Debug|Any CPU
		{B2AB0759-5516-4BE8-9E23-78037ED7568B}.Release|Any CPU.ActiveCfg = Release|Any CPU
		{B2AB0759-5516-4BE8-9E23-78037ED7568B}.Release|Any CPU.Build.0 = Release|Any CPU
		{DC50DDA6-250B-4B2F-A28D-B6859E519075}.Debug|Any CPU.ActiveCfg = Debug|Any CPU
		{DC50DDA6-250B-4B2F-A28D-B6859E519075}.Debug|Any CPU.Build.0 = Debug|Any CPU
		{DC50DDA6-250B-4B2F-A28D-B6859E519075}.Release|Any CPU.ActiveCfg = Release|Any CPU
		{DC50DDA6-250B-4B2F-A28D-B6859E519075}.Release|Any CPU.Build.0 = Release|Any CPU
	EndGlobalSection
	GlobalSection(SolutionProperties) = preSolution
		HideSolutionNode = FALSE
	EndGlobalSection
	GlobalSection(ExtensibilityGlobals) = postSolution
		SolutionGuid = {02E585EF-AEA0-45CA-AB3F-AC908A1BF62C}
	EndGlobalSection
EndGlobal
